
Microsoft Visual Studio Solution File, Format Version 12.00
# Visual Studio Version 17
VisualStudioVersion = 17.3.32922.545
MinimumVisualStudioVersion = 10.0.40219.1
Project("{9A19103F-16F7-4668-BE54-9A1E7A4F7556}") = "ShoppingList", "ShoppingList\ShoppingList.csproj", "{B31F9660-B04E-4086-9DE6-0F52BB6BED0B}"
EndProject
Project("{9A19103F-16F7-4668-BE54-9A1E7A4F7556}") = "ShoppingList.Data", "ShoppingList.Data\ShoppingList.Data.csproj", "{6BD8D429-C065-4BE7-A655-DE15AAB3AA27}"
EndProject
Project("{9A19103F-16F7-4668-BE54-9A1E7A4F7556}") = "ShoppingList.Services", "ShoppingList.Services\ShoppingList.Services.csproj", "{BF3A25BF-7A0C-44EA-8009-77E728C1CF48}"
EndProject
Project("{9A19103F-16F7-4668-BE54-9A1E7A4F7556}") = "ShoppingList.Models", "ShoppingListModels\ShoppingList.Models.csproj", "{9A8AE508-D705-4760-ACB8-91CB6BE21D89}"
EndProject
Project("{FAE04EC0-301F-11D3-BF4B-00C04F79EFBC}") = "ShoppingList.Repositories", "ShoppingList.Repositories\ShoppingList.Repositories.csproj", "{F8E59CC2-CB7A-4B94-AB0D-C952C9DC3DBA}"
EndProject
Global
	GlobalSection(SolutionConfigurationPlatforms) = preSolution
		Debug|Any CPU = Debug|Any CPU
		Release|Any CPU = Release|Any CPU
	EndGlobalSection
	GlobalSection(ProjectConfigurationPlatforms) = postSolution
		{B31F9660-B04E-4086-9DE6-0F52BB6BED0B}.Debug|Any CPU.ActiveCfg = Debug|Any CPU
		{B31F9660-B04E-4086-9DE6-0F52BB6BED0B}.Debug|Any CPU.Build.0 = Debug|Any CPU
		{B31F9660-B04E-4086-9DE6-0F52BB6BED0B}.Release|Any CPU.ActiveCfg = Release|Any CPU
		{B31F9660-B04E-4086-9DE6-0F52BB6BED0B}.Release|Any CPU.Build.0 = Release|Any CPU
		{6BD8D429-C065-4BE7-A655-DE15AAB3AA27}.Debug|Any CPU.ActiveCfg = Debug|Any CPU
		{6BD8D429-C065-4BE7-A655-DE15AAB3AA27}.Debug|Any CPU.Build.0 = Debug|Any CPU
		{6BD8D429-C065-4BE7-A655-DE15AAB3AA27}.Release|Any CPU.ActiveCfg = Release|Any CPU
		{6BD8D429-C065-4BE7-A655-DE15AAB3AA27}.Release|Any CPU.Build.0 = Release|Any CPU
		{BF3A25BF-7A0C-44EA-8009-77E728C1CF48}.Debug|Any CPU.ActiveCfg = Debug|Any CPU
		{BF3A25BF-7A0C-44EA-8009-77E728C1CF48}.Debug|Any CPU.Build.0 = Debug|Any CPU
		{BF3A25BF-7A0C-44EA-8009-77E728C1CF48}.Release|Any CPU.ActiveCfg = Release|Any CPU
		{BF3A25BF-7A0C-44EA-8009-77E728C1CF48}.Release|Any CPU.Build.0 = Release|Any CPU
		{9A8AE508-D705-4760-ACB8-91CB6BE21D89}.Debug|Any CPU.ActiveCfg = Debug|Any CPU
		{9A8AE508-D705-4760-ACB8-91CB6BE21D89}.Debug|Any CPU.Build.0 = Debug|Any CPU
		{9A8AE508-D705-4760-ACB8-91CB6BE21D89}.Release|Any CPU.ActiveCfg = Release|Any CPU
		{9A8AE508-D705-4760-ACB8-91CB6BE21D89}.Release|Any CPU.Build.0 = Release|Any CPU
		{F8E59CC2-CB7A-4B94-AB0D-C952C9DC3DBA}.Debug|Any CPU.ActiveCfg = Debug|Any CPU
		{F8E59CC2-CB7A-4B94-AB0D-C952C9DC3DBA}.Debug|Any CPU.Build.0 = Debug|Any CPU
		{F8E59CC2-CB7A-4B94-AB0D-C952C9DC3DBA}.Release|Any CPU.ActiveCfg = Release|Any CPU
		{F8E59CC2-CB7A-4B94-AB0D-C952C9DC3DBA}.Release|Any CPU.Build.0 = Release|Any CPU
	EndGlobalSection
	GlobalSection(SolutionProperties) = preSolution
		HideSolutionNode = FALSE
	EndGlobalSection
	GlobalSection(ExtensibilityGlobals) = postSolution
		SolutionGuid = {F8BEC394-8B2E-4F27-90C9-A9E5F54A1C02}
	EndGlobalSection
EndGlobal
